
Microsoft Visual Studio Solution File, Format Version 12.00
# Visual Studio Version 17
VisualStudioVersion = 17.14.36401.2 d17.14
MinimumVisualStudioVersion = 10.0.40219.1
Project("{FAE04EC0-301F-11D3-BF4B-00C04F79EFBC}") = "InfinityHairartsAPI", "InfinityHairartsAPI\InfinityHairartsAPI.csproj", "{7F53FF83-F149-4E9F-948C-EAA2F5FB2146}"
EndProject
Global
	GlobalSection(SolutionConfigurationPlatforms) = preSolution
		Debug|Any CPU = Debug|Any CPU
		Release|Any CPU = Release|Any CPU
	EndGlobalSection
	GlobalSection(ProjectConfigurationPlatforms) = postSolution
		{7F53FF83-F149-4E9F-948C-EAA2F5FB2146}.Debug|Any CPU.ActiveCfg = Debug|Any CPU
		{7F53FF83-F149-4E9F-948C-EAA2F5FB2146}.Debug|Any CPU.Build.0 = Debug|Any CPU
		{7F53FF83-F149-4E9F-948C-EAA2F5FB2146}.Release|Any CPU.ActiveCfg = Release|Any CPU
		{7F53FF83-F149-4E9F-948C-EAA2F5FB2146}.Release|Any CPU.Build.0 = Release|Any CPU
	EndGlobalSection
	GlobalSection(SolutionProperties) = preSolution
		HideSolutionNode = FALSE
	EndGlobalSection
	GlobalSection(ExtensibilityGlobals) = postSolution
		SolutionGuid = {34427529-BC35-4C47-933B-8E388361B014}
	EndGlobalSection
EndGlobal
